{
  "nodes": {
    "cargo2nix": {
      "inputs": {
        "flake-compat": "flake-compat_3",
        "flake-utils": "flake-utils_5",
        "nixpkgs": "nixpkgs_7",
        "rust-overlay": "rust-overlay_2"
      },
      "locked": {
        "lastModified": 1673511833,
        "narHash": "sha256-pna6AwbAQtdvdayBpCzHw6W/Dp7WM+X+481Boy5vmK8=",
        "owner": "cargo2nix",
        "repo": "cargo2nix",
        "rev": "8fb57a670f7993bfc24099c33eb9c5abb51f29a2",
        "type": "github"
      },
      "original": {
        "owner": "cargo2nix",
        "ref": "unstable",
        "repo": "cargo2nix",
        "type": "github"
      }
    },
    "cargo2nix_2": {
      "inputs": {
        "flake-compat": "flake-compat_4",
        "flake-utils": "flake-utils_9",
        "nixpkgs": "nixpkgs_14",
        "rust-overlay": "rust-overlay_5"
      },
      "locked": {
        "lastModified": 1673511833,
        "narHash": "sha256-pna6AwbAQtdvdayBpCzHw6W/Dp7WM+X+481Boy5vmK8=",
        "owner": "cargo2nix",
        "repo": "cargo2nix",
        "rev": "8fb57a670f7993bfc24099c33eb9c5abb51f29a2",
        "type": "github"
      },
      "original": {
        "owner": "cargo2nix",
        "ref": "unstable",
        "repo": "cargo2nix",
        "type": "github"
      }
    },
    "darwin": {
      "inputs": {
        "nixpkgs": [
          "nixpkgs"
        ]
      },
      "locked": {
        "lastModified": 1700795494,
        "narHash": "sha256-gzGLZSiOhf155FW7262kdHo2YDeugp3VuIFb4/GGng0=",
        "owner": "lnl7",
        "repo": "nix-darwin",
        "rev": "4b9b83d5a92e8c1fbfd8eb27eda375908c11ec4d",
        "type": "github"
      },
      "original": {
        "owner": "lnl7",
        "ref": "master",
        "repo": "nix-darwin",
        "type": "github"
      }
    },
    "darwin_2": {
      "inputs": {
        "nixpkgs": [
          "myNixRepo",
          "nixpkgs"
        ]
      },
      "locked": {
        "lastModified": 1700795494,
        "narHash": "sha256-gzGLZSiOhf155FW7262kdHo2YDeugp3VuIFb4/GGng0=",
        "owner": "lnl7",
        "repo": "nix-darwin",
        "rev": "4b9b83d5a92e8c1fbfd8eb27eda375908c11ec4d",
        "type": "github"
      },
      "original": {
        "owner": "lnl7",
        "ref": "master",
        "repo": "nix-darwin",
        "type": "github"
      }
    },
    "deploy-rs": {
      "inputs": {
        "flake-compat": "flake-compat",
        "nixpkgs": [
          "nixpkgs"
        ],
        "utils": "utils"
      },
      "locked": {
        "lastModified": 1698921442,
        "narHash": "sha256-7KmvhQ7FuXlT/wG4zjTssap6maVqeAMBdtel+VjClSM=",
        "owner": "serokell",
        "repo": "deploy-rs",
        "rev": "660180bbbeae7d60dad5a92b30858306945fd427",
        "type": "github"
      },
      "original": {
        "owner": "serokell",
        "repo": "deploy-rs",
        "type": "github"
      }
    },
    "deploy-rs_2": {
      "inputs": {
        "flake-compat": "flake-compat_2",
        "nixpkgs": [
          "myNixRepo",
          "nixpkgs"
        ],
        "utils": "utils_2"
      },
      "locked": {
        "lastModified": 1698921442,
        "narHash": "sha256-7KmvhQ7FuXlT/wG4zjTssap6maVqeAMBdtel+VjClSM=",
        "owner": "serokell",
        "repo": "deploy-rs",
        "rev": "660180bbbeae7d60dad5a92b30858306945fd427",
        "type": "github"
      },
      "original": {
        "owner": "serokell",
        "repo": "deploy-rs",
        "type": "github"
      }
    },
    "devshell": {
      "inputs": {
        "nixpkgs": "nixpkgs_8",
        "systems": "systems_5"
      },
      "locked": {
        "lastModified": 1695973661,
        "narHash": "sha256-BP2H4c42GThPIhERtTpV1yCtwQHYHEKdRu7pjrmQAwo=",
        "owner": "numtide",
        "repo": "devshell",
        "rev": "cd4e2fda3150dd2f689caeac07b7f47df5197c31",
        "type": "github"
      },
      "original": {
        "owner": "numtide",
        "repo": "devshell",
        "type": "github"
      }
    },
    "devshell_2": {
      "inputs": {
        "nixpkgs": "nixpkgs_15",
        "systems": "systems_9"
      },
      "locked": {
        "lastModified": 1695973661,
        "narHash": "sha256-BP2H4c42GThPIhERtTpV1yCtwQHYHEKdRu7pjrmQAwo=",
        "owner": "numtide",
        "repo": "devshell",
        "rev": "cd4e2fda3150dd2f689caeac07b7f47df5197c31",
        "type": "github"
      },
      "original": {
        "owner": "numtide",
        "repo": "devshell",
        "type": "github"
      }
    },
    "emacs-overlay": {
      "inputs": {
        "flake-utils": "flake-utils",
        "nixpkgs": "nixpkgs",
        "nixpkgs-stable": "nixpkgs-stable"
      },
      "locked": {
        "lastModified": 1702287671,
        "narHash": "sha256-4kfBKhcZGX7RemWdi6grwIFla8HrKTiz4jSqvgAtDjU=",
        "owner": "nix-community",
        "repo": "emacs-overlay",
        "rev": "5075b8df3d8d4d28e73e921acb46a2cf7f34ad28",
        "type": "github"
      },
      "original": {
        "owner": "nix-community",
        "repo": "emacs-overlay",
        "type": "github"
      }
    },
    "emacs-overlay_2": {
      "inputs": {
        "flake-utils": "flake-utils_2",
        "nixpkgs": "nixpkgs_2",
        "nixpkgs-stable": "nixpkgs-stable_2"
      },
      "locked": {
        "lastModified": 1702287671,
        "narHash": "sha256-4kfBKhcZGX7RemWdi6grwIFla8HrKTiz4jSqvgAtDjU=",
        "owner": "nix-community",
        "repo": "emacs-overlay",
        "rev": "5075b8df3d8d4d28e73e921acb46a2cf7f34ad28",
        "type": "github"
      },
      "original": {
        "owner": "nix-community",
        "repo": "emacs-overlay",
        "type": "github"
      }
    },
    "flake-compat": {
      "flake": false,
      "locked": {
        "lastModified": 1668681692,
        "narHash": "sha256-Ht91NGdewz8IQLtWZ9LCeNXMSXHUss+9COoqu6JLmXU=",
        "owner": "edolstra",
        "repo": "flake-compat",
        "rev": "009399224d5e398d03b22badca40a37ac85412a1",
        "type": "github"
      },
      "original": {
        "owner": "edolstra",
        "repo": "flake-compat",
        "type": "github"
      }
    },
    "flake-compat_2": {
      "flake": false,
      "locked": {
        "lastModified": 1668681692,
        "narHash": "sha256-Ht91NGdewz8IQLtWZ9LCeNXMSXHUss+9COoqu6JLmXU=",
        "owner": "edolstra",
        "repo": "flake-compat",
        "rev": "009399224d5e398d03b22badca40a37ac85412a1",
        "type": "github"
      },
      "original": {
        "owner": "edolstra",
        "repo": "flake-compat",
        "type": "github"
      }
    },
    "flake-compat_3": {
      "flake": false,
      "locked": {
        "lastModified": 1650374568,
        "narHash": "sha256-Z+s0J8/r907g149rllvwhb4pKi8Wam5ij0st8PwAh+E=",
        "owner": "edolstra",
        "repo": "flake-compat",
        "rev": "b4a34015c698c7793d592d66adbab377907a2be8",
        "type": "github"
      },
      "original": {
        "owner": "edolstra",
        "repo": "flake-compat",
        "type": "github"
      }
    },
    "flake-compat_4": {
      "flake": false,
      "locked": {
        "lastModified": 1650374568,
        "narHash": "sha256-Z+s0J8/r907g149rllvwhb4pKi8Wam5ij0st8PwAh+E=",
        "owner": "edolstra",
        "repo": "flake-compat",
        "rev": "b4a34015c698c7793d592d66adbab377907a2be8",
        "type": "github"
      },
      "original": {
        "owner": "edolstra",
        "repo": "flake-compat",
        "type": "github"
      }
    },
    "flake-utils": {
      "inputs": {
        "systems": "systems"
      },
      "locked": {
        "lastModified": 1701680307,
        "narHash": "sha256-kAuep2h5ajznlPMD9rnQyffWG8EM/C73lejGofXvdM8=",
        "owner": "numtide",
        "repo": "flake-utils",
        "rev": "4022d587cbbfd70fe950c1e2083a02621806a725",
        "type": "github"
      },
      "original": {
        "owner": "numtide",
        "repo": "flake-utils",
        "type": "github"
      }
    },
    "flake-utils_10": {
      "inputs": {
        "systems": "systems_10"
      },
      "locked": {
        "lastModified": 1681202837,
        "narHash": "sha256-H+Rh19JDwRtpVPAWp64F+rlEtxUWBAQW28eAi3SRSzg=",
        "owner": "numtide",
        "repo": "flake-utils",
        "rev": "cfacdce06f30d2b68473a46042957675eebb3401",
        "type": "github"
      },
      "original": {
        "owner": "numtide",
        "repo": "flake-utils",
        "type": "github"
      }
    },
    "flake-utils_2": {
      "inputs": {
        "systems": "systems_2"
      },
      "locked": {
        "lastModified": 1701680307,
        "narHash": "sha256-kAuep2h5ajznlPMD9rnQyffWG8EM/C73lejGofXvdM8=",
        "owner": "numtide",
        "repo": "flake-utils",
        "rev": "4022d587cbbfd70fe950c1e2083a02621806a725",
        "type": "github"
      },
      "original": {
        "owner": "numtide",
        "repo": "flake-utils",
        "type": "github"
      }
    },
    "flake-utils_3": {
      "inputs": {
        "systems": "systems_3"
      },
      "locked": {
        "lastModified": 1681202837,
        "narHash": "sha256-H+Rh19JDwRtpVPAWp64F+rlEtxUWBAQW28eAi3SRSzg=",
        "owner": "numtide",
        "repo": "flake-utils",
        "rev": "cfacdce06f30d2b68473a46042957675eebb3401",
        "type": "github"
      },
      "original": {
        "owner": "numtide",
        "repo": "flake-utils",
        "type": "github"
      }
    },
    "flake-utils_4": {
      "inputs": {
        "systems": "systems_4"
      },
      "locked": {
        "lastModified": 1681202837,
        "narHash": "sha256-H+Rh19JDwRtpVPAWp64F+rlEtxUWBAQW28eAi3SRSzg=",
        "owner": "numtide",
        "repo": "flake-utils",
        "rev": "cfacdce06f30d2b68473a46042957675eebb3401",
        "type": "github"
      },
      "original": {
        "owner": "numtide",
        "repo": "flake-utils",
        "type": "github"
      }
    },
    "flake-utils_5": {
      "locked": {
        "lastModified": 1659877975,
        "narHash": "sha256-zllb8aq3YO3h8B/U0/J1WBgAL8EX5yWf5pMj3G0NAmc=",
        "owner": "numtide",
        "repo": "flake-utils",
        "rev": "c0e246b9b83f637f4681389ecabcb2681b4f3af0",
        "type": "github"
      },
      "original": {
        "owner": "numtide",
        "repo": "flake-utils",
        "type": "github"
      }
    },
    "flake-utils_6": {
      "inputs": {
        "systems": "systems_6"
      },
      "locked": {
        "lastModified": 1681202837,
        "narHash": "sha256-H+Rh19JDwRtpVPAWp64F+rlEtxUWBAQW28eAi3SRSzg=",
        "owner": "numtide",
        "repo": "flake-utils",
        "rev": "cfacdce06f30d2b68473a46042957675eebb3401",
        "type": "github"
      },
      "original": {
        "owner": "numtide",
        "repo": "flake-utils",
        "type": "github"
      }
    },
    "flake-utils_7": {
      "inputs": {
        "systems": "systems_7"
      },
      "locked": {
        "lastModified": 1681202837,
        "narHash": "sha256-H+Rh19JDwRtpVPAWp64F+rlEtxUWBAQW28eAi3SRSzg=",
        "owner": "numtide",
        "repo": "flake-utils",
        "rev": "cfacdce06f30d2b68473a46042957675eebb3401",
        "type": "github"
      },
      "original": {
        "owner": "numtide",
        "repo": "flake-utils",
        "type": "github"
      }
    },
    "flake-utils_8": {
      "inputs": {
        "systems": "systems_8"
      },
      "locked": {
        "lastModified": 1681202837,
        "narHash": "sha256-H+Rh19JDwRtpVPAWp64F+rlEtxUWBAQW28eAi3SRSzg=",
        "owner": "numtide",
        "repo": "flake-utils",
        "rev": "cfacdce06f30d2b68473a46042957675eebb3401",
        "type": "github"
      },
      "original": {
        "owner": "numtide",
        "repo": "flake-utils",
        "type": "github"
      }
    },
    "flake-utils_9": {
      "locked": {
        "lastModified": 1659877975,
        "narHash": "sha256-zllb8aq3YO3h8B/U0/J1WBgAL8EX5yWf5pMj3G0NAmc=",
        "owner": "numtide",
        "repo": "flake-utils",
        "rev": "c0e246b9b83f637f4681389ecabcb2681b4f3af0",
        "type": "github"
      },
      "original": {
        "owner": "numtide",
        "repo": "flake-utils",
        "type": "github"
      }
    },
    "home-manager": {
      "inputs": {
        "nixpkgs": [
          "nixpkgs"
        ]
      },
      "locked": {
        "lastModified": 1702203126,
        "narHash": "sha256-4BhN2Vji19MzRC7SUfPZGmtZ2WZydQeUk/ogfRBIZMs=",
        "owner": "nix-community",
        "repo": "home-manager",
        "rev": "defbb9c5857e157703e8fc7cf3c2ceb01cb95883",
        "type": "github"
      },
      "original": {
        "owner": "nix-community",
        "repo": "home-manager",
        "type": "github"
      }
    },
    "home-manager_2": {
      "inputs": {
        "nixpkgs": [
          "myNixRepo",
          "nixpkgs"
        ]
      },
      "locked": {
        "lastModified": 1702203126,
        "narHash": "sha256-4BhN2Vji19MzRC7SUfPZGmtZ2WZydQeUk/ogfRBIZMs=",
        "owner": "nix-community",
        "repo": "home-manager",
        "rev": "defbb9c5857e157703e8fc7cf3c2ceb01cb95883",
        "type": "github"
      },
      "original": {
        "owner": "nix-community",
        "repo": "home-manager",
        "type": "github"
      }
    },
    "myNixRepo": {
      "inputs": {
        "darwin": "darwin_2",
        "deploy-rs": "deploy-rs_2",
        "emacs-overlay": "emacs-overlay_2",
        "home-manager": "home-manager_2",
        "nixos-generators": "nixos-generators",
        "nixpkgs": "nixpkgs_3",
        "nixpkgs-lts": "nixpkgs-lts",
        "nur": "nur",
        "recentf": "recentf",
        "webman": "webman",
        "weissNur": "weissNur"
      },
      "locked": {
        "lastModified": 1702465171,
        "narHash": "sha256-FuQgxkSY9U24tx8kr76SSY2FIMdR+YBXfHCkDOWFTJw=",
        "owner": "WeissP",
        "repo": "nix-config",
        "rev": "c56fb656b7b91cd9ecafa517d75b1c92d2b4ffdd",
        "type": "github"
      },
      "original": {
        "owner": "WeissP",
        "repo": "nix-config",
        "type": "github"
      }
    },
    "naersk": {
      "inputs": {
        "nixpkgs": "nixpkgs_4"
      },
      "locked": {
        "lastModified": 1679567394,
        "narHash": "sha256-ZvLuzPeARDLiQUt6zSZFGOs+HZmE+3g4QURc8mkBsfM=",
        "owner": "nix-community",
        "repo": "naersk",
        "rev": "88cd22380154a2c36799fe8098888f0f59861a15",
        "type": "github"
      },
      "original": {
        "owner": "nix-community",
        "repo": "naersk",
        "type": "github"
      }
    },
    "naersk_2": {
      "inputs": {
        "nixpkgs": "nixpkgs_11"
      },
      "locked": {
        "lastModified": 1679567394,
        "narHash": "sha256-ZvLuzPeARDLiQUt6zSZFGOs+HZmE+3g4QURc8mkBsfM=",
        "owner": "nix-community",
        "repo": "naersk",
        "rev": "88cd22380154a2c36799fe8098888f0f59861a15",
        "type": "github"
      },
      "original": {
        "owner": "nix-community",
        "repo": "naersk",
        "type": "github"
      }
    },
    "nixlib": {
      "locked": {
        "lastModified": 1693701915,
        "narHash": "sha256-waHPLdDYUOHSEtMKKabcKIMhlUOHPOOPQ9UyFeEoovs=",
        "owner": "nix-community",
        "repo": "nixpkgs.lib",
        "rev": "f5af57d3ef9947a70ac86e42695231ac1ad00c25",
        "type": "github"
      },
      "original": {
        "owner": "nix-community",
        "repo": "nixpkgs.lib",
        "type": "github"
      }
    },
    "nixlib_2": {
      "locked": {
        "lastModified": 1693701915,
        "narHash": "sha256-waHPLdDYUOHSEtMKKabcKIMhlUOHPOOPQ9UyFeEoovs=",
        "owner": "nix-community",
        "repo": "nixpkgs.lib",
        "rev": "f5af57d3ef9947a70ac86e42695231ac1ad00c25",
        "type": "github"
      },
      "original": {
        "owner": "nix-community",
        "repo": "nixpkgs.lib",
        "type": "github"
      }
    },
    "nixos-generators": {
      "inputs": {
        "nixlib": "nixlib",
        "nixpkgs": [
          "myNixRepo",
          "nixpkgs"
        ]
      },
      "locked": {
        "lastModified": 1701689616,
        "narHash": "sha256-ewnfgvRy73HoP5KnYmy1Rcr4m4yShvsb6TCCaKoW8pc=",
        "owner": "nix-community",
        "repo": "nixos-generators",
        "rev": "246219bc21b943c6f6812bb7744218ba0df08600",
        "type": "github"
      },
      "original": {
        "owner": "nix-community",
        "repo": "nixos-generators",
        "type": "github"
      }
    },
    "nixos-generators_2": {
      "inputs": {
        "nixlib": "nixlib_2",
        "nixpkgs": [
          "nixpkgs"
        ]
      },
      "locked": {
        "lastModified": 1701689616,
        "narHash": "sha256-ewnfgvRy73HoP5KnYmy1Rcr4m4yShvsb6TCCaKoW8pc=",
        "owner": "nix-community",
        "repo": "nixos-generators",
        "rev": "246219bc21b943c6f6812bb7744218ba0df08600",
        "type": "github"
      },
      "original": {
        "owner": "nix-community",
        "repo": "nixos-generators",
        "type": "github"
      }
    },
    "nixpkgs": {
      "locked": {
        "lastModified": 1702151865,
        "narHash": "sha256-9VAt19t6yQa7pHZLDbil/QctAgVsA66DLnzdRGqDisg=",
        "owner": "NixOS",
        "repo": "nixpkgs",
        "rev": "666fc80e7b2afb570462423cb0e1cf1a3a34fedd",
        "type": "github"
      },
      "original": {
        "owner": "NixOS",
        "ref": "nixos-unstable",
        "repo": "nixpkgs",
        "type": "github"
      }
    },
    "nixpkgs-lts": {
      "locked": {
        "lastModified": 1688392541,
        "narHash": "sha256-lHrKvEkCPTUO+7tPfjIcb7Trk6k31rz18vkyqmkeJfY=",
        "owner": "nixos",
        "repo": "nixpkgs",
        "rev": "ea4c80b39be4c09702b0cb3b42eab59e2ba4f24b",
        "type": "github"
      },
      "original": {
        "owner": "nixos",
        "ref": "nixos-22.11",
        "repo": "nixpkgs",
        "type": "github"
      }
    },
    "nixpkgs-lts_2": {
      "locked": {
        "lastModified": 1688392541,
        "narHash": "sha256-lHrKvEkCPTUO+7tPfjIcb7Trk6k31rz18vkyqmkeJfY=",
        "owner": "nixos",
        "repo": "nixpkgs",
        "rev": "ea4c80b39be4c09702b0cb3b42eab59e2ba4f24b",
        "type": "github"
      },
      "original": {
        "owner": "nixos",
        "ref": "nixos-22.11",
        "repo": "nixpkgs",
        "type": "github"
      }
    },
    "nixpkgs-stable": {
      "locked": {
        "lastModified": 1701805708,
        "narHash": "sha256-hh0S14E816Img0tPaNQSEKFvSscSIrvu1ypubtfh6M4=",
        "owner": "NixOS",
        "repo": "nixpkgs",
        "rev": "0561103cedb11e7554cf34cea81e5f5d578a4753",
        "type": "github"
      },
      "original": {
        "owner": "NixOS",
        "ref": "nixos-23.05",
        "repo": "nixpkgs",
        "type": "github"
      }
    },
    "nixpkgs-stable_2": {
      "locked": {
        "lastModified": 1701805708,
        "narHash": "sha256-hh0S14E816Img0tPaNQSEKFvSscSIrvu1ypubtfh6M4=",
        "owner": "NixOS",
        "repo": "nixpkgs",
        "rev": "0561103cedb11e7554cf34cea81e5f5d578a4753",
        "type": "github"
      },
      "original": {
        "owner": "NixOS",
        "ref": "nixos-23.05",
        "repo": "nixpkgs",
        "type": "github"
      }
    },
    "nixpkgs_10": {
      "locked": {
        "lastModified": 1702151865,
        "narHash": "sha256-9VAt19t6yQa7pHZLDbil/QctAgVsA66DLnzdRGqDisg=",
        "owner": "nixos",
        "repo": "nixpkgs",
        "rev": "666fc80e7b2afb570462423cb0e1cf1a3a34fedd",
        "type": "github"
      },
      "original": {
        "owner": "nixos",
        "ref": "nixos-unstable",
        "repo": "nixpkgs",
        "type": "github"
      }
    },
    "nixpkgs_11": {
      "locked": {
        "lastModified": 1684049129,
        "narHash": "sha256-7WB9LpnPNAS8oI7hMoHeKLNhRX7k3CI9uWBRSfmOCCE=",
        "path": "/nix/store/12b8sml63980nacpjvh0rlf0w5fg7g8l-source",
        "rev": "0470f36b02ef01d4f43c641bbf07020bcab71bf1",
        "type": "path"
      },
      "original": {
        "id": "nixpkgs",
        "type": "indirect"
      }
    },
    "nixpkgs_12": {
      "locked": {
        "lastModified": 1684662198,
        "narHash": "sha256-lmGDGuFONWSoGBKDDhU/6fOhhmFoZQ8rPf+kS7/e/Gs=",
        "owner": "NixOS",
        "repo": "nixpkgs",
        "rev": "50a183182d7ae39133555414d48d5d609a28a57d",
        "type": "github"
      },
      "original": {
        "owner": "NixOS",
        "ref": "nixos-unstable",
        "repo": "nixpkgs",
        "type": "github"
      }
    },
    "nixpkgs_13": {
      "locked": {
        "lastModified": 1681358109,
        "narHash": "sha256-eKyxW4OohHQx9Urxi7TQlFBTDWII+F+x2hklDOQPB50=",
        "owner": "NixOS",
        "repo": "nixpkgs",
        "rev": "96ba1c52e54e74c3197f4d43026b3f3d92e83ff9",
        "type": "github"
      },
      "original": {
        "owner": "NixOS",
        "ref": "nixpkgs-unstable",
        "repo": "nixpkgs",
        "type": "github"
      }
    },
    "nixpkgs_14": {
      "locked": {
        "lastModified": 1673493429,
        "narHash": "sha256-VXxm2j2aXp24WaGp0tA2exHca2z3HwhSnHJq3yMz1wI=",
        "owner": "nixos",
        "repo": "nixpkgs",
        "rev": "8547ffbfd182b323bfd523f11bbd356e9718521a",
        "type": "github"
      },
      "original": {
        "owner": "nixos",
        "ref": "release-22.11",
        "repo": "nixpkgs",
        "type": "github"
      }
    },
    "nixpkgs_15": {
      "locked": {
        "lastModified": 1677383253,
        "narHash": "sha256-UfpzWfSxkfXHnb4boXZNaKsAcUrZT9Hw+tao1oZxd08=",
        "owner": "NixOS",
        "repo": "nixpkgs",
        "rev": "9952d6bc395f5841262b006fbace8dd7e143b634",
        "type": "github"
      },
      "original": {
        "owner": "NixOS",
        "ref": "nixpkgs-unstable",
        "repo": "nixpkgs",
        "type": "github"
      }
    },
    "nixpkgs_16": {
      "locked": {
        "lastModified": 1681358109,
        "narHash": "sha256-eKyxW4OohHQx9Urxi7TQlFBTDWII+F+x2hklDOQPB50=",
        "owner": "NixOS",
        "repo": "nixpkgs",
        "rev": "96ba1c52e54e74c3197f4d43026b3f3d92e83ff9",
        "type": "github"
      },
      "original": {
        "owner": "NixOS",
        "ref": "nixpkgs-unstable",
        "repo": "nixpkgs",
        "type": "github"
      }
    },
    "nixpkgs_2": {
      "locked": {
        "lastModified": 1702151865,
        "narHash": "sha256-9VAt19t6yQa7pHZLDbil/QctAgVsA66DLnzdRGqDisg=",
        "owner": "NixOS",
        "repo": "nixpkgs",
        "rev": "666fc80e7b2afb570462423cb0e1cf1a3a34fedd",
        "type": "github"
      },
      "original": {
        "owner": "NixOS",
        "ref": "nixos-unstable",
        "repo": "nixpkgs",
        "type": "github"
      }
    },
    "nixpkgs_3": {
      "locked": {
        "lastModified": 1702151865,
        "narHash": "sha256-9VAt19t6yQa7pHZLDbil/QctAgVsA66DLnzdRGqDisg=",
        "owner": "nixos",
        "repo": "nixpkgs",
        "rev": "666fc80e7b2afb570462423cb0e1cf1a3a34fedd",
        "type": "github"
      },
      "original": {
        "owner": "nixos",
        "ref": "nixos-unstable",
        "repo": "nixpkgs",
        "type": "github"
      }
    },
    "nixpkgs_4": {
      "locked": {
        "lastModified": 1684049129,
        "narHash": "sha256-7WB9LpnPNAS8oI7hMoHeKLNhRX7k3CI9uWBRSfmOCCE=",
        "path": "/nix/store/12b8sml63980nacpjvh0rlf0w5fg7g8l-source",
        "rev": "0470f36b02ef01d4f43c641bbf07020bcab71bf1",
        "type": "path"
      },
      "original": {
        "id": "nixpkgs",
        "type": "indirect"
      }
    },
    "nixpkgs_5": {
      "locked": {
        "lastModified": 1684662198,
        "narHash": "sha256-lmGDGuFONWSoGBKDDhU/6fOhhmFoZQ8rPf+kS7/e/Gs=",
        "owner": "NixOS",
        "repo": "nixpkgs",
        "rev": "50a183182d7ae39133555414d48d5d609a28a57d",
        "type": "github"
      },
      "original": {
        "owner": "NixOS",
        "ref": "nixos-unstable",
        "repo": "nixpkgs",
        "type": "github"
      }
    },
    "nixpkgs_6": {
      "locked": {
        "lastModified": 1681358109,
        "narHash": "sha256-eKyxW4OohHQx9Urxi7TQlFBTDWII+F+x2hklDOQPB50=",
        "owner": "NixOS",
        "repo": "nixpkgs",
        "rev": "96ba1c52e54e74c3197f4d43026b3f3d92e83ff9",
        "type": "github"
      },
      "original": {
        "owner": "NixOS",
        "ref": "nixpkgs-unstable",
        "repo": "nixpkgs",
        "type": "github"
      }
    },
    "nixpkgs_7": {
      "locked": {
        "lastModified": 1673493429,
        "narHash": "sha256-VXxm2j2aXp24WaGp0tA2exHca2z3HwhSnHJq3yMz1wI=",
        "owner": "nixos",
        "repo": "nixpkgs",
        "rev": "8547ffbfd182b323bfd523f11bbd356e9718521a",
        "type": "github"
      },
      "original": {
        "owner": "nixos",
        "ref": "release-22.11",
        "repo": "nixpkgs",
        "type": "github"
      }
    },
    "nixpkgs_8": {
      "locked": {
        "lastModified": 1677383253,
        "narHash": "sha256-UfpzWfSxkfXHnb4boXZNaKsAcUrZT9Hw+tao1oZxd08=",
        "owner": "NixOS",
        "repo": "nixpkgs",
        "rev": "9952d6bc395f5841262b006fbace8dd7e143b634",
        "type": "github"
      },
      "original": {
        "owner": "NixOS",
        "ref": "nixpkgs-unstable",
        "repo": "nixpkgs",
        "type": "github"
      }
    },
    "nixpkgs_9": {
      "locked": {
        "lastModified": 1681358109,
        "narHash": "sha256-eKyxW4OohHQx9Urxi7TQlFBTDWII+F+x2hklDOQPB50=",
        "owner": "NixOS",
        "repo": "nixpkgs",
        "rev": "96ba1c52e54e74c3197f4d43026b3f3d92e83ff9",
        "type": "github"
      },
      "original": {
        "owner": "NixOS",
        "ref": "nixpkgs-unstable",
        "repo": "nixpkgs",
        "type": "github"
      }
    },
    "nur": {
      "locked": {
        "lastModified": 1702286544,
        "narHash": "sha256-40eyoDy0m02fVdyZnuDMN63alMTOTr+pmdMzlT2TNl0=",
        "owner": "nix-community",
        "repo": "NUR",
        "rev": "6f5d3e909a700d7db205ea7115e9661a15bee445",
        "type": "github"
      },
      "original": {
        "owner": "nix-community",
        "repo": "NUR",
        "type": "github"
      }
    },
    "nur_2": {
      "locked": {
        "lastModified": 1702286544,
        "narHash": "sha256-40eyoDy0m02fVdyZnuDMN63alMTOTr+pmdMzlT2TNl0=",
        "owner": "nix-community",
        "repo": "NUR",
        "rev": "6f5d3e909a700d7db205ea7115e9661a15bee445",
        "type": "github"
      },
      "original": {
        "owner": "nix-community",
        "repo": "NUR",
        "type": "github"
      }
    },
    "recentf": {
      "inputs": {
        "flake-utils": "flake-utils_3",
        "naersk": "naersk",
        "nixpkgs": "nixpkgs_5",
        "rust-overlay": "rust-overlay"
      },
      "locked": {
        "lastModified": 1684827884,
        "narHash": "sha256-hyfRu9kVtyq9WjpFbyRzasUbZ7e5xqs36WWZuz6ZJcc=",
        "owner": "WeissP",
        "repo": "recentf",
        "rev": "2f8988159f114f705a56778dd2db3b022674ea74",
        "type": "github"
      },
      "original": {
        "owner": "WeissP",
        "repo": "recentf",
        "type": "github"
      }
    },
    "recentf_2": {
      "inputs": {
        "flake-utils": "flake-utils_7",
        "naersk": "naersk_2",
        "nixpkgs": "nixpkgs_12",
        "rust-overlay": "rust-overlay_4"
      },
      "locked": {
        "lastModified": 1684827884,
        "narHash": "sha256-hyfRu9kVtyq9WjpFbyRzasUbZ7e5xqs36WWZuz6ZJcc=",
        "owner": "WeissP",
        "repo": "recentf",
        "rev": "2f8988159f114f705a56778dd2db3b022674ea74",
        "type": "github"
      },
      "original": {
        "owner": "WeissP",
        "repo": "recentf",
        "type": "github"
      }
    },
    "root": {
      "inputs": {
        "darwin": "darwin",
        "deploy-rs": "deploy-rs",
        "emacs-overlay": "emacs-overlay",
        "home-manager": "home-manager",
        "myNixRepo": "myNixRepo",
        "nixos-generators": "nixos-generators_2",
        "nixpkgs": "nixpkgs_10",
        "nixpkgs-lts": "nixpkgs-lts_2",
        "nur": "nur_2",
        "recentf": "recentf_2",
        "webman": "webman_2",
        "weissNur": "weissNur_2"
      }
    },
    "rust-overlay": {
      "inputs": {
        "flake-utils": "flake-utils_4",
        "nixpkgs": "nixpkgs_6"
      },
      "locked": {
        "lastModified": 1684722198,
        "narHash": "sha256-PMi7f6DDR1cTiO0wPu7vwDTvkqsSLykSpcmFcxoS1Ew=",
        "owner": "oxalica",
        "repo": "rust-overlay",
        "rev": "f526dfe586195f56ba215201f42d05beb965136d",
        "type": "github"
      },
      "original": {
        "owner": "oxalica",
        "repo": "rust-overlay",
        "type": "github"
      }
    },
    "rust-overlay_2": {
      "inputs": {
        "flake-utils": [
          "myNixRepo",
          "webman",
          "cargo2nix",
          "flake-utils"
        ],
        "nixpkgs": [
          "myNixRepo",
          "webman",
          "cargo2nix",
          "nixpkgs"
        ]
      },
      "locked": {
        "lastModified": 1673490397,
        "narHash": "sha256-VCSmIYJy/ZzTvEGjdfITmTYfybXBgZpMjyjDndbou+8=",
        "owner": "oxalica",
        "repo": "rust-overlay",
        "rev": "0833f4d063a2bb75aa31680f703ba594a384ffe6",
        "type": "github"
      },
      "original": {
        "owner": "oxalica",
        "repo": "rust-overlay",
        "type": "github"
      }
    },
    "rust-overlay_3": {
      "inputs": {
        "flake-utils": "flake-utils_6",
        "nixpkgs": "nixpkgs_9"
      },
      "locked": {
        "lastModified": 1697854201,
        "narHash": "sha256-H+0Wb20PQx/8N7X/OfwwAVPeN9TbfjcyG0sXbdgsh50=",
        "owner": "oxalica",
        "repo": "rust-overlay",
        "rev": "6e8e3332433847cd56186b1f6fc8c47603cf5b46",
        "type": "github"
      },
      "original": {
        "owner": "oxalica",
        "repo": "rust-overlay",
        "type": "github"
      }
    },
    "rust-overlay_4": {
      "inputs": {
        "flake-utils": "flake-utils_8",
        "nixpkgs": "nixpkgs_13"
      },
      "locked": {
        "lastModified": 1684722198,
        "narHash": "sha256-PMi7f6DDR1cTiO0wPu7vwDTvkqsSLykSpcmFcxoS1Ew=",
        "owner": "oxalica",
        "repo": "rust-overlay",
        "rev": "f526dfe586195f56ba215201f42d05beb965136d",
        "type": "github"
      },
      "original": {
        "owner": "oxalica",
        "repo": "rust-overlay",
        "type": "github"
      }
    },
    "rust-overlay_5": {
      "inputs": {
        "flake-utils": [
          "webman",
          "cargo2nix",
          "flake-utils"
        ],
        "nixpkgs": [
          "webman",
          "cargo2nix",
          "nixpkgs"
        ]
      },
      "locked": {
        "lastModified": 1673490397,
        "narHash": "sha256-VCSmIYJy/ZzTvEGjdfITmTYfybXBgZpMjyjDndbou+8=",
        "owner": "oxalica",
        "repo": "rust-overlay",
        "rev": "0833f4d063a2bb75aa31680f703ba594a384ffe6",
        "type": "github"
      },
      "original": {
        "owner": "oxalica",
        "repo": "rust-overlay",
        "type": "github"
      }
    },
    "rust-overlay_6": {
      "inputs": {
        "flake-utils": "flake-utils_10",
        "nixpkgs": "nixpkgs_16"
      },
      "locked": {
        "lastModified": 1697854201,
        "narHash": "sha256-H+0Wb20PQx/8N7X/OfwwAVPeN9TbfjcyG0sXbdgsh50=",
        "owner": "oxalica",
        "repo": "rust-overlay",
        "rev": "6e8e3332433847cd56186b1f6fc8c47603cf5b46",
        "type": "github"
      },
      "original": {
        "owner": "oxalica",
        "repo": "rust-overlay",
        "type": "github"
      }
    },
    "systems": {
      "locked": {
        "lastModified": 1681028828,
        "narHash": "sha256-Vy1rq5AaRuLzOxct8nz4T6wlgyUR7zLU309k9mBC768=",
        "owner": "nix-systems",
        "repo": "default",
        "rev": "da67096a3b9bf56a91d16901293e51ba5b49a27e",
        "type": "github"
      },
      "original": {
        "owner": "nix-systems",
        "repo": "default",
        "type": "github"
      }
    },
    "systems_10": {
      "locked": {
        "lastModified": 1681028828,
        "narHash": "sha256-Vy1rq5AaRuLzOxct8nz4T6wlgyUR7zLU309k9mBC768=",
        "owner": "nix-systems",
        "repo": "default",
        "rev": "da67096a3b9bf56a91d16901293e51ba5b49a27e",
        "type": "github"
      },
      "original": {
        "owner": "nix-systems",
        "repo": "default",
        "type": "github"
      }
    },
    "systems_2": {
      "locked": {
        "lastModified": 1681028828,
        "narHash": "sha256-Vy1rq5AaRuLzOxct8nz4T6wlgyUR7zLU309k9mBC768=",
        "owner": "nix-systems",
        "repo": "default",
        "rev": "da67096a3b9bf56a91d16901293e51ba5b49a27e",
        "type": "github"
      },
      "original": {
        "owner": "nix-systems",
        "repo": "default",
        "type": "github"
      }
    },
    "systems_3": {
      "locked": {
        "lastModified": 1681028828,
        "narHash": "sha256-Vy1rq5AaRuLzOxct8nz4T6wlgyUR7zLU309k9mBC768=",
        "owner": "nix-systems",
        "repo": "default",
        "rev": "da67096a3b9bf56a91d16901293e51ba5b49a27e",
        "type": "github"
      },
      "original": {
        "owner": "nix-systems",
        "repo": "default",
        "type": "github"
      }
    },
    "systems_4": {
      "locked": {
        "lastModified": 1681028828,
        "narHash": "sha256-Vy1rq5AaRuLzOxct8nz4T6wlgyUR7zLU309k9mBC768=",
        "owner": "nix-systems",
        "repo": "default",
        "rev": "da67096a3b9bf56a91d16901293e51ba5b49a27e",
        "type": "github"
      },
      "original": {
        "owner": "nix-systems",
        "repo": "default",
        "type": "github"
      }
    },
    "systems_5": {
      "locked": {
        "lastModified": 1681028828,
        "narHash": "sha256-Vy1rq5AaRuLzOxct8nz4T6wlgyUR7zLU309k9mBC768=",
        "owner": "nix-systems",
        "repo": "default",
        "rev": "da67096a3b9bf56a91d16901293e51ba5b49a27e",
        "type": "github"
      },
      "original": {
        "owner": "nix-systems",
        "repo": "default",
        "type": "github"
      }
    },
    "systems_6": {
      "locked": {
        "lastModified": 1681028828,
        "narHash": "sha256-Vy1rq5AaRuLzOxct8nz4T6wlgyUR7zLU309k9mBC768=",
        "owner": "nix-systems",
        "repo": "default",
        "rev": "da67096a3b9bf56a91d16901293e51ba5b49a27e",
        "type": "github"
      },
      "original": {
        "owner": "nix-systems",
        "repo": "default",
        "type": "github"
      }
    },
    "systems_7": {
      "locked": {
        "lastModified": 1681028828,
        "narHash": "sha256-Vy1rq5AaRuLzOxct8nz4T6wlgyUR7zLU309k9mBC768=",
        "owner": "nix-systems",
        "repo": "default",
        "rev": "da67096a3b9bf56a91d16901293e51ba5b49a27e",
        "type": "github"
      },
      "original": {
        "owner": "nix-systems",
        "repo": "default",
        "type": "github"
      }
    },
    "systems_8": {
      "locked": {
        "lastModified": 1681028828,
        "narHash": "sha256-Vy1rq5AaRuLzOxct8nz4T6wlgyUR7zLU309k9mBC768=",
        "owner": "nix-systems",
        "repo": "default",
        "rev": "da67096a3b9bf56a91d16901293e51ba5b49a27e",
        "type": "github"
      },
      "original": {
        "owner": "nix-systems",
        "repo": "default",
        "type": "github"
      }
    },
    "systems_9": {
      "locked": {
        "lastModified": 1681028828,
        "narHash": "sha256-Vy1rq5AaRuLzOxct8nz4T6wlgyUR7zLU309k9mBC768=",
        "owner": "nix-systems",
        "repo": "default",
        "rev": "da67096a3b9bf56a91d16901293e51ba5b49a27e",
        "type": "github"
      },
      "original": {
        "owner": "nix-systems",
        "repo": "default",
        "type": "github"
      }
    },
    "utils": {
      "locked": {
        "lastModified": 1667395993,
        "narHash": "sha256-nuEHfE/LcWyuSWnS8t12N1wc105Qtau+/OdUAjtQ0rA=",
        "owner": "numtide",
        "repo": "flake-utils",
        "rev": "5aed5285a952e0b949eb3ba02c12fa4fcfef535f",
        "type": "github"
      },
      "original": {
        "owner": "numtide",
        "repo": "flake-utils",
        "type": "github"
      }
    },
    "utils_2": {
      "locked": {
        "lastModified": 1667395993,
        "narHash": "sha256-nuEHfE/LcWyuSWnS8t12N1wc105Qtau+/OdUAjtQ0rA=",
        "owner": "numtide",
        "repo": "flake-utils",
        "rev": "5aed5285a952e0b949eb3ba02c12fa4fcfef535f",
        "type": "github"
      },
      "original": {
        "owner": "numtide",
        "repo": "flake-utils",
        "type": "github"
      }
    },
    "webman": {
      "inputs": {
        "cargo2nix": "cargo2nix",
        "devshell": "devshell",
        "flake-utils": [
          "myNixRepo",
          "webman",
          "cargo2nix",
          "flake-utils"
        ],
        "nixpkgs": [
          "myNixRepo",
          "webman",
          "cargo2nix",
          "nixpkgs"
        ],
        "rust-overlay": "rust-overlay_3"
      },
      "locked": {
        "lastModified": 1697880553,
        "narHash": "sha256-IOEd50MgsU5iWUQIiVC57RHU9oOHDO9meznbMwNtGuc=",
        "owner": "WeissP",
        "repo": "webman",
        "rev": "6dea8e34913971b5ba17095ae0f9e94434ffd78e",
        "type": "github"
      },
      "original": {
        "owner": "WeissP",
        "repo": "webman",
        "type": "github"
      }
    },
    "webman_2": {
      "inputs": {
        "cargo2nix": "cargo2nix_2",
        "devshell": "devshell_2",
        "flake-utils": [
          "webman",
          "cargo2nix",
          "flake-utils"
        ],
        "nixpkgs": [
          "webman",
          "cargo2nix",
          "nixpkgs"
        ],
        "rust-overlay": "rust-overlay_6"
      },
      "locked": {
        "lastModified": 1697880553,
        "narHash": "sha256-IOEd50MgsU5iWUQIiVC57RHU9oOHDO9meznbMwNtGuc=",
        "owner": "WeissP",
        "repo": "webman",
        "rev": "6dea8e34913971b5ba17095ae0f9e94434ffd78e",
        "type": "github"
      },
      "original": {
        "owner": "WeissP",
        "repo": "webman",
        "type": "github"
      }
    },
    "weissNur": {
      "inputs": {
        "nixpkgs": [
          "myNixRepo",
          "nixpkgs"
        ]
      },
      "locked": {
        "lastModified": 1682261077,
        "narHash": "sha256-nqwrk4a6mqTlvkaOAEYZcwIHLySkf4noHrSDiStzw3Y=",
        "owner": "WeissP",
        "repo": "nur-packages",
        "rev": "6d1c0338e1845f0a474a9e6c52422b924dce704c",
        "type": "github"
      },
      "original": {
        "owner": "WeissP",
        "repo": "nur-packages",
        "type": "github"
      }
    },
    "weissNur_2": {
      "inputs": {
        "nixpkgs": [
          "nixpkgs"
        ]
      },
      "locked": {
        "lastModified": 1682261077,
        "narHash": "sha256-nqwrk4a6mqTlvkaOAEYZcwIHLySkf4noHrSDiStzw3Y=",
        "owner": "WeissP",
        "repo": "nur-packages",
        "rev": "6d1c0338e1845f0a474a9e6c52422b924dce704c",
        "type": "github"
      },
      "original": {
        "owner": "WeissP",
        "repo": "nur-packages",
        "type": "github"
      }
    }
  },
  "root": "root",
  "version": 7
}
